
Microsoft Visual Studio Solution File, Format Version 12.00
# Visual Studio Version 16
VisualStudioVersion = 16.0.31205.134
MinimumVisualStudioVersion = 10.0.40219.1
Project("{9A19103F-16F7-4668-BE54-9A1E7A4F7556}") = "SalesAndCrmDS", "SalesAndCrmDS\SalesAndCrmDS.csproj", "{AD901332-DE72-42BE-A433-1D0520E8A90F}"
EndProject
Project("{9A19103F-16F7-4668-BE54-9A1E7A4F7556}") = "SalesAndCrmPortal", "..\..\UI\git\SalesAndCrmPortal\SalesAndCrmPortal.csproj", "{458285E4-BAA7-451F-BD4B-C649CCC457E2}"
EndProject
Global
	GlobalSection(SolutionConfigurationPlatforms) = preSolution
		Debug|Any CPU = Debug|Any CPU
		Release|Any CPU = Release|Any CPU
	EndGlobalSection
	GlobalSection(ProjectConfigurationPlatforms) = postSolution
		{AD901332-DE72-42BE-A433-1D0520E8A90F}.Debug|Any CPU.ActiveCfg = Debug|Any CPU
		{AD901332-DE72-42BE-A433-1D0520E8A90F}.Debug|Any CPU.Build.0 = Debug|Any CPU
		{AD901332-DE72-42BE-A433-1D0520E8A90F}.Release|Any CPU.ActiveCfg = Release|Any CPU
		{AD901332-DE72-42BE-A433-1D0520E8A90F}.Release|Any CPU.Build.0 = Release|Any CPU
		{458285E4-BAA7-451F-BD4B-C649CCC457E2}.Debug|Any CPU.ActiveCfg = Debug|Any CPU
		{458285E4-BAA7-451F-BD4B-C649CCC457E2}.Debug|Any CPU.Build.0 = Debug|Any CPU
		{458285E4-BAA7-451F-BD4B-C649CCC457E2}.Release|Any CPU.ActiveCfg = Release|Any CPU
		{458285E4-BAA7-451F-BD4B-C649CCC457E2}.Release|Any CPU.Build.0 = Release|Any CPU
	EndGlobalSection
	GlobalSection(SolutionProperties) = preSolution
		HideSolutionNode = FALSE
	EndGlobalSection
	GlobalSection(ExtensibilityGlobals) = postSolution
		SolutionGuid = {69F666B8-00A2-400D-9DB5-621A730DDBD9}
	EndGlobalSection
EndGlobal
