
Microsoft Visual Studio Solution File, Format Version 12.00
# Visual Studio Version 16
VisualStudioVersion = 16.0.31205.134
MinimumVisualStudioVersion = 10.0.40219.1
Project("{9A19103F-16F7-4668-BE54-9A1E7A4F7556}") = "SalesAndCrmDS", "SalesAndCrmDS.csproj", "{0F7D48D9-070B-417F-8014-4FC2FA23A7A0}"
EndProject
Project("{9A19103F-16F7-4668-BE54-9A1E7A4F7556}") = "SalesAndCrmPortal", "..\..\UI\SalesAndCrmPortal\SalesAndCrmPortal.csproj", "{0E0499DE-E77C-4FEA-AF50-88B461D9526E}"
EndProject
Global
	GlobalSection(SolutionConfigurationPlatforms) = preSolution
		Debug|Any CPU = Debug|Any CPU
		Release|Any CPU = Release|Any CPU
	EndGlobalSection
	GlobalSection(ProjectConfigurationPlatforms) = postSolution
		{0F7D48D9-070B-417F-8014-4FC2FA23A7A0}.Debug|Any CPU.ActiveCfg = Debug|Any CPU
		{0F7D48D9-070B-417F-8014-4FC2FA23A7A0}.Debug|Any CPU.Build.0 = Debug|Any CPU
		{0F7D48D9-070B-417F-8014-4FC2FA23A7A0}.Release|Any CPU.ActiveCfg = Release|Any CPU
		{0F7D48D9-070B-417F-8014-4FC2FA23A7A0}.Release|Any CPU.Build.0 = Release|Any CPU
		{0E0499DE-E77C-4FEA-AF50-88B461D9526E}.Debug|Any CPU.ActiveCfg = Debug|Any CPU
		{0E0499DE-E77C-4FEA-AF50-88B461D9526E}.Debug|Any CPU.Build.0 = Debug|Any CPU
		{0E0499DE-E77C-4FEA-AF50-88B461D9526E}.Release|Any CPU.ActiveCfg = Release|Any CPU
		{0E0499DE-E77C-4FEA-AF50-88B461D9526E}.Release|Any CPU.Build.0 = Release|Any CPU
	EndGlobalSection
	GlobalSection(SolutionProperties) = preSolution
		HideSolutionNode = FALSE
	EndGlobalSection
	GlobalSection(ExtensibilityGlobals) = postSolution
		SolutionGuid = {30C45271-4B59-4FD3-ABFA-FF2E9AEEA5CB}
	EndGlobalSection
EndGlobal
